<Solution>
  <Project Path="EtherTransfer.Core/EtherTransfer.Core.csproj" />
  <Project Path="EtherTransfer.Network/EtherTransfer.Network.csproj" />
  <Project Path="EtherTransfer.Services/EtherTransfer.Services.csproj" />
  <Project Path="EtherTransfer.Transfer/EtherTransfer.Transfer.csproj" />
  <Project Path="EtherTransfer.UI/EtherTransfer.UI.csproj" />
</Solution>
